{
  "object": {
    "pins": [
      {
        "package": "kvKit-Swift",
        "repositoryURL": "https://github.com/keyvariable/kvKit-Swift.git",
        "state": {
          "branch": null,
          "revision": "b451453e89f2497df61e261c3709b03ae8f3db7c",
          "version": "3.0.0"
        }
      },
      {
        "package": "swift-nio",
        "repositoryURL": "https://github.com/apple/swift-nio.git",
        "state": {
          "branch": null,
          "revision": "124119f0bb12384cef35aa041d7c3a686108722d",
          "version": "2.40.0"
        }
      },
      {
        "package": "swift-nio-http2",
        "repositoryURL": "https://github.com/apple/swift-nio-http2.git",
        "state": {
          "branch": null,
          "revision": "108ac15087ea9b79abb6f6742699cf31de0e8772",
          "version": "1.22.0"
        }
      },
      {
        "package": "swift-nio-ssl",
        "repositoryURL": "https://github.com/apple/swift-nio-ssl.git",
        "state": {
          "branch": null,
          "revision": "c30c680c78c99afdabf84805a83c8745387c4ac7",
          "version": "2.20.2"
        }
      }
    ]
  },
  "version": 1
}
